
Microsoft Visual Studio Solution File, Format Version 12.00
# Visual Studio 15
Project("{FAE04EC0-301F-11D3-BF4B-00C04F79EFBC}") = "HelloASPDotNET", "HelloASPDotNET.csproj", "{CF8E8124-8361-410E-B958-E50A32577F7F}"
EndProject
Global
	GlobalSection(SolutionConfigurationPlatforms) = preSolution
		Debug|Any CPU = Debug|Any CPU
		Release|Any CPU = Release|Any CPU
	EndGlobalSection
	GlobalSection(ProjectConfigurationPlatforms) = postSolution
		{CF8E8124-8361-410E-B958-E50A32577F7F}.Debug|Any CPU.ActiveCfg = Debug|Any CPU
		{CF8E8124-8361-410E-B958-E50A32577F7F}.Debug|Any CPU.Build.0 = Debug|Any CPU
		{CF8E8124-8361-410E-B958-E50A32577F7F}.Release|Any CPU.ActiveCfg = Release|Any CPU
		{CF8E8124-8361-410E-B958-E50A32577F7F}.Release|Any CPU.Build.0 = Release|Any CPU
	EndGlobalSection
EndGlobal
